
Microsoft Visual Studio Solution File, Format Version 12.00
# Visual Studio 15
VisualStudioVersion = 15.0.28010.2050
MinimumVisualStudioVersion = 10.0.40219.1
Project("{FAE04EC0-301F-11D3-BF4B-00C04F79EFBC}") = "alphabeticShift", "alphabeticShift\alphabeticShift.csproj", "{D1665CCA-C2DF-4DC5-B768-1EDF4F0614BB}"
EndProject
Global
	GlobalSection(SolutionConfigurationPlatforms) = preSolution
		Debug|Any CPU = Debug|Any CPU
		Release|Any CPU = Release|Any CPU
	EndGlobalSection
	GlobalSection(ProjectConfigurationPlatforms) = postSolution
		{D1665CCA-C2DF-4DC5-B768-1EDF4F0614BB}.Debug|Any CPU.ActiveCfg = Debug|Any CPU
		{D1665CCA-C2DF-4DC5-B768-1EDF4F0614BB}.Debug|Any CPU.Build.0 = Debug|Any CPU
		{D1665CCA-C2DF-4DC5-B768-1EDF4F0614BB}.Release|Any CPU.ActiveCfg = Release|Any CPU
		{D1665CCA-C2DF-4DC5-B768-1EDF4F0614BB}.Release|Any CPU.Build.0 = Release|Any CPU
	EndGlobalSection
	GlobalSection(SolutionProperties) = preSolution
		HideSolutionNode = FALSE
	EndGlobalSection
	GlobalSection(ExtensibilityGlobals) = postSolution
		SolutionGuid = {0D0C8A01-5687-435A-9DD9-595AFEEDF58E}
	EndGlobalSection
EndGlobal
