
Microsoft Visual Studio Solution File, Format Version 12.00
# Visual Studio 15
VisualStudioVersion = 15.0.28010.2050
MinimumVisualStudioVersion = 10.0.40219.1
Project("{FAE04EC0-301F-11D3-BF4B-00C04F79EFBC}") = "StringRearrangement", "StringRearrangement\StringRearrangement.csproj", "{190CBC64-8548-4BB8-9A7B-6722B16C9C81}"
EndProject
Global
	GlobalSection(SolutionConfigurationPlatforms) = preSolution
		Debug|Any CPU = Debug|Any CPU
		Release|Any CPU = Release|Any CPU
	EndGlobalSection
	GlobalSection(ProjectConfigurationPlatforms) = postSolution
		{190CBC64-8548-4BB8-9A7B-6722B16C9C81}.Debug|Any CPU.ActiveCfg = Debug|Any CPU
		{190CBC64-8548-4BB8-9A7B-6722B16C9C81}.Debug|Any CPU.Build.0 = Debug|Any CPU
		{190CBC64-8548-4BB8-9A7B-6722B16C9C81}.Release|Any CPU.ActiveCfg = Release|Any CPU
		{190CBC64-8548-4BB8-9A7B-6722B16C9C81}.Release|Any CPU.Build.0 = Release|Any CPU
	EndGlobalSection
	GlobalSection(SolutionProperties) = preSolution
		HideSolutionNode = FALSE
	EndGlobalSection
	GlobalSection(ExtensibilityGlobals) = postSolution
		SolutionGuid = {A5CA7A94-14BF-4916-A81B-F8E730CB9887}
	EndGlobalSection
EndGlobal
