
Microsoft Visual Studio Solution File, Format Version 12.00
# Visual Studio 15
VisualStudioVersion = 15.0.28010.2050
MinimumVisualStudioVersion = 10.0.40219.1
Project("{FAE04EC0-301F-11D3-BF4B-00C04F79EFBC}") = "arrayChange", "arrayChange\arrayChange.csproj", "{83AE966D-5861-4836-A582-8EBF913A88A6}"
EndProject
Global
	GlobalSection(SolutionConfigurationPlatforms) = preSolution
		Debug|Any CPU = Debug|Any CPU
		Release|Any CPU = Release|Any CPU
	EndGlobalSection
	GlobalSection(ProjectConfigurationPlatforms) = postSolution
		{83AE966D-5861-4836-A582-8EBF913A88A6}.Debug|Any CPU.ActiveCfg = Debug|Any CPU
		{83AE966D-5861-4836-A582-8EBF913A88A6}.Debug|Any CPU.Build.0 = Debug|Any CPU
		{83AE966D-5861-4836-A582-8EBF913A88A6}.Release|Any CPU.ActiveCfg = Release|Any CPU
		{83AE966D-5861-4836-A582-8EBF913A88A6}.Release|Any CPU.Build.0 = Release|Any CPU
	EndGlobalSection
	GlobalSection(SolutionProperties) = preSolution
		HideSolutionNode = FALSE
	EndGlobalSection
	GlobalSection(ExtensibilityGlobals) = postSolution
		SolutionGuid = {29015EED-7E21-4655-A477-5B42BB72E5F4}
	EndGlobalSection
EndGlobal
