
Microsoft Visual Studio Solution File, Format Version 12.00
# Visual Studio 15
VisualStudioVersion = 15.0.28010.2050
MinimumVisualStudioVersion = 10.0.40219.1
Project("{FAE04EC0-301F-11D3-BF4B-00C04F79EFBC}") = "extractEachKth", "extractEachKth\extractEachKth.csproj", "{E8CE579C-3B97-46A6-AE74-DB6A53B2AB89}"
EndProject
Global
	GlobalSection(SolutionConfigurationPlatforms) = preSolution
		Debug|Any CPU = Debug|Any CPU
		Release|Any CPU = Release|Any CPU
	EndGlobalSection
	GlobalSection(ProjectConfigurationPlatforms) = postSolution
		{E8CE579C-3B97-46A6-AE74-DB6A53B2AB89}.Debug|Any CPU.ActiveCfg = Debug|Any CPU
		{E8CE579C-3B97-46A6-AE74-DB6A53B2AB89}.Debug|Any CPU.Build.0 = Debug|Any CPU
		{E8CE579C-3B97-46A6-AE74-DB6A53B2AB89}.Release|Any CPU.ActiveCfg = Release|Any CPU
		{E8CE579C-3B97-46A6-AE74-DB6A53B2AB89}.Release|Any CPU.Build.0 = Release|Any CPU
	EndGlobalSection
	GlobalSection(SolutionProperties) = preSolution
		HideSolutionNode = FALSE
	EndGlobalSection
	GlobalSection(ExtensibilityGlobals) = postSolution
		SolutionGuid = {574741F8-E609-41AC-B40A-B7764FCF1A8E}
	EndGlobalSection
EndGlobal
