
Microsoft Visual Studio Solution File, Format Version 12.00
# Visual Studio 15
VisualStudioVersion = 15.0.28010.2050
MinimumVisualStudioVersion = 10.0.40219.1
Project("{FAE04EC0-301F-11D3-BF4B-00C04F79EFBC}") = "deleteDigit", "deleteDigit\deleteDigit.csproj", "{8965D8AF-113F-4436-B66C-3DD921AFD26B}"
EndProject
Global
	GlobalSection(SolutionConfigurationPlatforms) = preSolution
		Debug|Any CPU = Debug|Any CPU
		Release|Any CPU = Release|Any CPU
	EndGlobalSection
	GlobalSection(ProjectConfigurationPlatforms) = postSolution
		{8965D8AF-113F-4436-B66C-3DD921AFD26B}.Debug|Any CPU.ActiveCfg = Debug|Any CPU
		{8965D8AF-113F-4436-B66C-3DD921AFD26B}.Debug|Any CPU.Build.0 = Debug|Any CPU
		{8965D8AF-113F-4436-B66C-3DD921AFD26B}.Release|Any CPU.ActiveCfg = Release|Any CPU
		{8965D8AF-113F-4436-B66C-3DD921AFD26B}.Release|Any CPU.Build.0 = Release|Any CPU
	EndGlobalSection
	GlobalSection(SolutionProperties) = preSolution
		HideSolutionNode = FALSE
	EndGlobalSection
	GlobalSection(ExtensibilityGlobals) = postSolution
		SolutionGuid = {ECB70B2F-799D-44CD-90CD-19645DAF7E6C}
	EndGlobalSection
EndGlobal
