
Microsoft Visual Studio Solution File, Format Version 12.00
# Visual Studio 15
VisualStudioVersion = 15.0.28010.2050
MinimumVisualStudioVersion = 10.0.40219.1
Project("{FAE04EC0-301F-11D3-BF4B-00C04F79EFBC}") = "buildPalindrome", "buildPalindrome\buildPalindrome.csproj", "{8CF04CC2-757F-4AE9-A963-AD07AF7E099B}"
EndProject
Global
	GlobalSection(SolutionConfigurationPlatforms) = preSolution
		Debug|Any CPU = Debug|Any CPU
		Release|Any CPU = Release|Any CPU
	EndGlobalSection
	GlobalSection(ProjectConfigurationPlatforms) = postSolution
		{8CF04CC2-757F-4AE9-A963-AD07AF7E099B}.Debug|Any CPU.ActiveCfg = Debug|Any CPU
		{8CF04CC2-757F-4AE9-A963-AD07AF7E099B}.Debug|Any CPU.Build.0 = Debug|Any CPU
		{8CF04CC2-757F-4AE9-A963-AD07AF7E099B}.Release|Any CPU.ActiveCfg = Release|Any CPU
		{8CF04CC2-757F-4AE9-A963-AD07AF7E099B}.Release|Any CPU.Build.0 = Release|Any CPU
	EndGlobalSection
	GlobalSection(SolutionProperties) = preSolution
		HideSolutionNode = FALSE
	EndGlobalSection
	GlobalSection(ExtensibilityGlobals) = postSolution
		SolutionGuid = {8C9ED3D3-868F-4B5C-8843-DF27B7A5DBCD}
	EndGlobalSection
EndGlobal
