
Microsoft Visual Studio Solution File, Format Version 12.00
# Visual Studio 15
VisualStudioVersion = 15.0.28010.2050
MinimumVisualStudioVersion = 10.0.40219.1
Project("{FAE04EC0-301F-11D3-BF4B-00C04F79EFBC}") = "growingPlant", "growingPlant\growingPlant.csproj", "{221E6C0E-9939-4C08-84E7-2B2396CD47AB}"
EndProject
Global
	GlobalSection(SolutionConfigurationPlatforms) = preSolution
		Debug|Any CPU = Debug|Any CPU
		Release|Any CPU = Release|Any CPU
	EndGlobalSection
	GlobalSection(ProjectConfigurationPlatforms) = postSolution
		{221E6C0E-9939-4C08-84E7-2B2396CD47AB}.Debug|Any CPU.ActiveCfg = Debug|Any CPU
		{221E6C0E-9939-4C08-84E7-2B2396CD47AB}.Debug|Any CPU.Build.0 = Debug|Any CPU
		{221E6C0E-9939-4C08-84E7-2B2396CD47AB}.Release|Any CPU.ActiveCfg = Release|Any CPU
		{221E6C0E-9939-4C08-84E7-2B2396CD47AB}.Release|Any CPU.Build.0 = Release|Any CPU
	EndGlobalSection
	GlobalSection(SolutionProperties) = preSolution
		HideSolutionNode = FALSE
	EndGlobalSection
	GlobalSection(ExtensibilityGlobals) = postSolution
		SolutionGuid = {FE40B287-D88E-4D58-9DB8-BBA8047844CB}
	EndGlobalSection
EndGlobal
